// !$*UTF8*$!
{
	archiveVersion = 1;
	classes = {
	};
	objectVersion = 77;
	objects = {

/* Begin PBXBuildFile section */
		9810021E2E5E92D800E716C1 /* FirebaseAI in Frameworks */ = {isa = PBXBuildFile; productRef = 9810021D2E5E92D800E716C1 /* FirebaseAI */; };
		981002202E5E92D800E716C1 /* FirebaseAnalytics in Frameworks */ = {isa = PBXBuildFile; productRef = 9810021F2E5E92D800E716C1 /* FirebaseAnalytics */; };
		981002222E5E92D800E716C1 /* FirebaseAnalyticsCore in Frameworks */ = {isa = PBXBuildFile; productRef = 981002212E5E92D800E716C1 /* FirebaseAnalyticsCore */; };
		981002242E5E92D800E716C1 /* FirebaseAnalyticsIdentitySupport in Frameworks */ = {isa = PBXBuildFile; productRef = 981002232E5E92D800E716C1 /* FirebaseAnalyticsIdentitySupport */; };
		981002262E5E92D800E716C1 /* FirebaseAppCheck in Frameworks */ = {isa = PBXBuildFile; productRef = 981002252E5E92D800E716C1 /* FirebaseAppCheck */; };
		981002282E5E92D800E716C1 /* FirebaseAppDistribution-Beta in Frameworks */ = {isa = PBXBuildFile; productRef = 981002272E5E92D800E716C1 /* FirebaseAppDistribution-Beta */; };
		9810022A2E5E92D800E716C1 /* FirebaseAuth in Frameworks */ = {isa = PBXBuildFile; productRef = 981002292E5E92D800E716C1 /* FirebaseAuth */; };
		9810022C2E5E92D800E716C1 /* FirebaseAuthCombine-Community in Frameworks */ = {isa = PBXBuildFile; productRef = 9810022B2E5E92D800E716C1 /* FirebaseAuthCombine-Community */; };
		9810022E2E5E92D800E716C1 /* FirebaseCore in Frameworks */ = {isa = PBXBuildFile; productRef = 9810022D2E5E92D800E716C1 /* FirebaseCore */; };
		981002302E5E92D800E716C1 /* FirebaseCrashlytics in Frameworks */ = {isa = PBXBuildFile; productRef = 9810022F2E5E92D800E716C1 /* FirebaseCrashlytics */; };
		981002322E5E92D800E716C1 /* FirebaseDatabase in Frameworks */ = {isa = PBXBuildFile; productRef = 981002312E5E92D800E716C1 /* FirebaseDatabase */; };
		981002342E5E92D800E716C1 /* FirebaseFirestore in Frameworks */ = {isa = PBXBuildFile; productRef = 981002332E5E92D800E716C1 /* FirebaseFirestore */; };
		981002362E5E92D800E716C1 /* FirebaseFirestoreCombine-Community in Frameworks */ = {isa = PBXBuildFile; productRef = 981002352E5E92D800E716C1 /* FirebaseFirestoreCombine-Community */; };
		981002382E5E92D800E716C1 /* FirebaseFunctions in Frameworks */ = {isa = PBXBuildFile; productRef = 981002372E5E92D800E716C1 /* FirebaseFunctions */; };
		9810023A2E5E92D800E716C1 /* FirebaseFunctionsCombine-Community in Frameworks */ = {isa = PBXBuildFile; productRef = 981002392E5E92D800E716C1 /* FirebaseFunctionsCombine-Community */; };
		9810023C2E5E92D800E716C1 /* FirebaseInAppMessaging-Beta in Frameworks */ = {isa = PBXBuildFile; productRef = 9810023B2E5E92D800E716C1 /* FirebaseInAppMessaging-Beta */; };
		9810023E2E5E92D800E716C1 /* FirebaseInstallations in Frameworks */ = {isa = PBXBuildFile; productRef = 9810023D2E5E92D800E716C1 /* FirebaseInstallations */; };
		981002402E5E92D800E716C1 /* FirebaseMLModelDownloader in Frameworks */ = {isa = PBXBuildFile; productRef = 9810023F2E5E92D800E716C1 /* FirebaseMLModelDownloader */; };
		981002422E5E92D800E716C1 /* FirebaseMessaging in Frameworks */ = {isa = PBXBuildFile; productRef = 981002412E5E92D800E716C1 /* FirebaseMessaging */; };
		981002442E5E92D800E716C1 /* FirebasePerformance in Frameworks */ = {isa = PBXBuildFile; productRef = 981002432E5E92D800E716C1 /* FirebasePerformance */; };
		981002462E5E92D800E716C1 /* FirebaseRemoteConfig in Frameworks */ = {isa = PBXBuildFile; productRef = 981002452E5E92D800E716C1 /* FirebaseRemoteConfig */; };
		981002482E5E92D800E716C1 /* FirebaseStorage in Frameworks */ = {isa = PBXBuildFile; productRef = 981002472E5E92D800E716C1 /* FirebaseStorage */; };
		9810024A2E5E92D800E716C1 /* FirebaseStorageCombine-Community in Frameworks */ = {isa = PBXBuildFile; productRef = 981002492E5E92D800E716C1 /* FirebaseStorageCombine-Community */; };
/* End PBXBuildFile section */

/* Begin PBXContainerItemProxy section */
		98A5739B2DB728C8000578E2 /* PBXContainerItemProxy */ = {
			isa = PBXContainerItemProxy;
			containerPortal = 98A573822DB728C7000578E2 /* Project object */;
			proxyType = 1;
			remoteGlobalIDString = 98A573892DB728C7000578E2;
			remoteInfo = AlarmApp;
		};
		98A573A52DB728C8000578E2 /* PBXContainerItemProxy */ = {
			isa = PBXContainerItemProxy;
			containerPortal = 98A573822DB728C7000578E2 /* Project object */;
			proxyType = 1;
			remoteGlobalIDString = 98A573892DB728C7000578E2;
			remoteInfo = AlarmApp;
		};
/* End PBXContainerItemProxy section */

/* Begin PBXFileReference section */
		98A5738A2DB728C7000578E2 /* AlarmApp.app */ = {isa = PBXFileReference; explicitFileType = wrapper.application; includeInIndex = 0; path = AlarmApp.app; sourceTree = BUILT_PRODUCTS_DIR; };
		98A5739A2DB728C8000578E2 /* AlarmAppTests.xctest */ = {isa = PBXFileReference; explicitFileType = wrapper.cfbundle; includeInIndex = 0; path = AlarmAppTests.xctest; sourceTree = BUILT_PRODUCTS_DIR; };
		98A573A42DB728C8000578E2 /* AlarmAppUITests.xctest */ = {isa = PBXFileReference; explicitFileType = wrapper.cfbundle; includeInIndex = 0; path = AlarmAppUITests.xctest; sourceTree = BUILT_PRODUCTS_DIR; };
/* End PBXFileReference section */

/* Begin PBXFileSystemSynchronizedBuildFileExceptionSet section */
		9810021A2E5D7C7700E716C1 /* Exceptions for "AlarmApp" folder in "AlarmAppTests" target */ = {
			isa = PBXFileSystemSynchronizedBuildFileExceptionSet;
			membershipExceptions = (
				"GoogleService-Info.plist",
			);
			target = 98A573992DB728C8000578E2 /* AlarmAppTests */;
		};
		9810021B2E5D7C7700E716C1 /* Exceptions for "AlarmApp" folder in "AlarmAppUITests" target */ = {
			isa = PBXFileSystemSynchronizedBuildFileExceptionSet;
			membershipExceptions = (
				"GoogleService-Info.plist",
			);
			target = 98A573A32DB728C8000578E2 /* AlarmAppUITests */;
		};
		98C7CA322EC2CE7700BF2C9E /* Exceptions for "AlarmApp" folder in "AlarmApp" target */ = {
			isa = PBXFileSystemSynchronizedBuildFileExceptionSet;
			membershipExceptions = (
				Info.plist,
			);
			target = 98A573892DB728C7000578E2 /* AlarmApp */;
		};
/* End PBXFileSystemSynchronizedBuildFileExceptionSet section */

/* Begin PBXFileSystemSynchronizedRootGroup section */
		98A5738C2DB728C7000578E2 /* AlarmApp */ = {
			isa = PBXFileSystemSynchronizedRootGroup;
			exceptions = (
				98C7CA322EC2CE7700BF2C9E /* Exceptions for "AlarmApp" folder in "AlarmApp" target */,
				9810021A2E5D7C7700E716C1 /* Exceptions for "AlarmApp" folder in "AlarmAppTests" target */,
				9810021B2E5D7C7700E716C1 /* Exceptions for "AlarmApp" folder in "AlarmAppUITests" target */,
			);
			path = AlarmApp;
			sourceTree = "<group>";
		};
		98A5739D2DB728C8000578E2 /* AlarmAppTests */ = {
			isa = PBXFileSystemSynchronizedRootGroup;
			path = AlarmAppTests;
			sourceTree = "<group>";
		};
		98A573A72DB728C8000578E2 /* AlarmAppUITests */ = {
			isa = PBXFileSystemSynchronizedRootGroup;
			path = AlarmAppUITests;
			sourceTree = "<group>";
		};
/* End PBXFileSystemSynchronizedRootGroup section */

/* Begin PBXFrameworksBuildPhase section */
		98A573872DB728C7000578E2 /* Frameworks */ = {
			isa = PBXFrameworksBuildPhase;
			buildActionMask = 2147483647;
			files = (
				981002362E5E92D800E716C1 /* FirebaseFirestoreCombine-Community in Frameworks */,
				981002382E5E92D800E716C1 /* FirebaseFunctions in Frameworks */,
				981002442E5E92D800E716C1 /* FirebasePerformance in Frameworks */,
				9810024A2E5E92D800E716C1 /* FirebaseStorageCombine-Community in Frameworks */,
				981002462E5E92D800E716C1 /* FirebaseRemoteConfig in Frameworks */,
				981002242E5E92D800E716C1 /* FirebaseAnalyticsIdentitySupport in Frameworks */,
				981002202E5E92D800E716C1 /* FirebaseAnalytics in Frameworks */,
				981002222E5E92D800E716C1 /* FirebaseAnalyticsCore in Frameworks */,
				981002262E5E92D800E716C1 /* FirebaseAppCheck in Frameworks */,
				9810021E2E5E92D800E716C1 /* FirebaseAI in Frameworks */,
				981002342E5E92D800E716C1 /* FirebaseFirestore in Frameworks */,
				981002422E5E92D800E716C1 /* FirebaseMessaging in Frameworks */,
				9810023E2E5E92D800E716C1 /* FirebaseInstallations in Frameworks */,
				9810023A2E5E92D800E716C1 /* FirebaseFunctionsCombine-Community in Frameworks */,
				9810022A2E5E92D800E716C1 /* FirebaseAuth in Frameworks */,
				981002282E5E92D800E716C1 /* FirebaseAppDistribution-Beta in Frameworks */,
				9810023C2E5E92D800E716C1 /* FirebaseInAppMessaging-Beta in Frameworks */,
				981002302E5E92D800E716C1 /* FirebaseCrashlytics in Frameworks */,
				981002322E5E92D800E716C1 /* FirebaseDatabase in Frameworks */,
				981002402E5E92D800E716C1 /* FirebaseMLModelDownloader in Frameworks */,
				981002482E5E92D800E716C1 /* FirebaseStorage in Frameworks */,
				9810022E2E5E92D800E716C1 /* FirebaseCore in Frameworks */,
				9810022C2E5E92D800E716C1 /* FirebaseAuthCombine-Community in Frameworks */,
			);
			runOnlyForDeploymentPostprocessing = 0;
		};
		98A573972DB728C8000578E2 /* Frameworks */ = {
			isa = PBXFrameworksBuildPhase;
			buildActionMask = 2147483647;
			files = (
			);
			runOnlyForDeploymentPostprocessing = 0;
		};
		98A573A12DB728C8000578E2 /* Frameworks */ = {
			isa = PBXFrameworksBuildPhase;
			buildActionMask = 2147483647;
			files = (
			);
			runOnlyForDeploymentPostprocessing = 0;
		};
/* End PBXFrameworksBuildPhase section */

/* Begin PBXGroup section */
		98A573812DB728C7000578E2 = {
			isa = PBXGroup;
			children = (
				98A5738C2DB728C7000578E2 /* AlarmApp */,
				98A5739D2DB728C8000578E2 /* AlarmAppTests */,
				98A573A72DB728C8000578E2 /* AlarmAppUITests */,
				98A5738B2DB728C7000578E2 /* Products */,
			);
			sourceTree = "<group>";
		};
		98A5738B2DB728C7000578E2 /* Products */ = {
			isa = PBXGroup;
			children = (
				98A5738A2DB728C7000578E2 /* AlarmApp.app */,
				98A5739A2DB728C8000578E2 /* AlarmAppTests.xctest */,
				98A573A42DB728C8000578E2 /* AlarmAppUITests.xctest */,
			);
			name = Products;
			sourceTree = "<group>";
		};
/* End PBXGroup section */

/* Begin PBXNativeTarget section */
		98A573892DB728C7000578E2 /* AlarmApp */ = {
			isa = PBXNativeTarget;
			buildConfigurationList = 98A573AE2DB728C8000578E2 /* Build configuration list for PBXNativeTarget "AlarmApp" */;
			buildPhases = (
				98A573862DB728C7000578E2 /* Sources */,
				98A573872DB728C7000578E2 /* Frameworks */,
				98A573882DB728C7000578E2 /* Resources */,
			);
			buildRules = (
			);
			dependencies = (
			);
			fileSystemSynchronizedGroups = (
				98A5738C2DB728C7000578E2 /* AlarmApp */,
			);
			name = AlarmApp;
			packageProductDependencies = (
				9810021D2E5E92D800E716C1 /* FirebaseAI */,
				9810021F2E5E92D800E716C1 /* FirebaseAnalytics */,
				981002212E5E92D800E716C1 /* FirebaseAnalyticsCore */,
				981002232E5E92D800E716C1 /* FirebaseAnalyticsIdentitySupport */,
				981002252E5E92D800E716C1 /* FirebaseAppCheck */,
				981002272E5E92D800E716C1 /* FirebaseAppDistribution-Beta */,
				981002292E5E92D800E716C1 /* FirebaseAuth */,
				9810022B2E5E92D800E716C1 /* FirebaseAuthCombine-Community */,
				9810022D2E5E92D800E716C1 /* FirebaseCore */,
				9810022F2E5E92D800E716C1 /* FirebaseCrashlytics */,
				981002312E5E92D800E716C1 /* FirebaseDatabase */,
				981002332E5E92D800E716C1 /* FirebaseFirestore */,
				981002352E5E92D800E716C1 /* FirebaseFirestoreCombine-Community */,
				981002372E5E92D800E716C1 /* FirebaseFunctions */,
				981002392E5E92D800E716C1 /* FirebaseFunctionsCombine-Community */,
				9810023B2E5E92D800E716C1 /* FirebaseInAppMessaging-Beta */,
				9810023D2E5E92D800E716C1 /* FirebaseInstallations */,
				9810023F2E5E92D800E716C1 /* FirebaseMLModelDownloader */,
				981002412E5E92D800E716C1 /* FirebaseMessaging */,
				981002432E5E92D800E716C1 /* FirebasePerformance */,
				981002452E5E92D800E716C1 /* FirebaseRemoteConfig */,
				981002472E5E92D800E716C1 /* FirebaseStorage */,
				981002492E5E92D800E716C1 /* FirebaseStorageCombine-Community */,
			);
			productName = AlarmApp;
			productReference = 98A5738A2DB728C7000578E2 /* AlarmApp.app */;
			productType = "com.apple.product-type.application";
		};
		98A573992DB728C8000578E2 /* AlarmAppTests */ = {
			isa = PBXNativeTarget;
			buildConfigurationList = 98A573B12DB728C8000578E2 /* Build configuration list for PBXNativeTarget "AlarmAppTests" */;
			buildPhases = (
				98A573962DB728C8000578E2 /* Sources */,
				98A573972DB728C8000578E2 /* Frameworks */,
				98A573982DB728C8000578E2 /* Resources */,
			);
			buildRules = (
			);
			dependencies = (
				98A5739C2DB728C8000578E2 /* PBXTargetDependency */,
			);
			fileSystemSynchronizedGroups = (
				98A5739D2DB728C8000578E2 /* AlarmAppTests */,
			);
			name = AlarmAppTests;
			packageProductDependencies = (
			);
			productName = AlarmAppTests;
			productReference = 98A5739A2DB728C8000578E2 /* AlarmAppTests.xctest */;
			productType = "com.apple.product-type.bundle.unit-test";
		};
		98A573A32DB728C8000578E2 /* AlarmAppUITests */ = {
			isa = PBXNativeTarget;
			buildConfigurationList = 98A573B42DB728C8000578E2 /* Build configuration list for PBXNativeTarget "AlarmAppUITests" */;
			buildPhases = (
				98A573A02DB728C8000578E2 /* Sources */,
				98A573A12DB728C8000578E2 /* Frameworks */,
				98A573A22DB728C8000578E2 /* Resources */,
			);
			buildRules = (
			);
			dependencies = (
				98A573A62DB728C8000578E2 /* PBXTargetDependency */,
			);
			fileSystemSynchronizedGroups = (
				98A573A72DB728C8000578E2 /* AlarmAppUITests */,
			);
			name = AlarmAppUITests;
			packageProductDependencies = (
			);
			productName = AlarmAppUITests;
			productReference = 98A573A42DB728C8000578E2 /* AlarmAppUITests.xctest */;
			productType = "com.apple.product-type.bundle.ui-testing";
		};
/* End PBXNativeTarget section */

/* Begin PBXProject section */
		98A573822DB728C7000578E2 /* Project object */ = {
			isa = PBXProject;
			attributes = {
				BuildIndependentTargetsInParallel = 1;
				LastSwiftUpdateCheck = 1620;
				LastUpgradeCheck = 1620;
				TargetAttributes = {
					98A573892DB728C7000578E2 = {
						CreatedOnToolsVersion = 16.2;
					};
					98A573992DB728C8000578E2 = {
						CreatedOnToolsVersion = 16.2;
						TestTargetID = 98A573892DB728C7000578E2;
					};
					98A573A32DB728C8000578E2 = {
						CreatedOnToolsVersion = 16.2;
						TestTargetID = 98A573892DB728C7000578E2;
					};
				};
			};
			buildConfigurationList = 98A573852DB728C7000578E2 /* Build configuration list for PBXProject "AlarmApp" */;
			developmentRegion = en;
			hasScannedForEncodings = 0;
			knownRegions = (
				en,
				Base,
			);
			mainGroup = 98A573812DB728C7000578E2;
			minimizedProjectReferenceProxies = 1;
			packageReferences = (
				9810021C2E5E92D800E716C1 /* XCRemoteSwiftPackageReference "firebase-ios-sdk" */,
			);
			preferredProjectObjectVersion = 77;
			productRefGroup = 98A5738B2DB728C7000578E2 /* Products */;
			projectDirPath = "";
			projectRoot = "";
			targets = (
				98A573892DB728C7000578E2 /* AlarmApp */,
				98A573992DB728C8000578E2 /* AlarmAppTests */,
				98A573A32DB728C8000578E2 /* AlarmAppUITests */,
			);
		};
/* End PBXProject section */

/* Begin PBXResourcesBuildPhase section */
		98A573882DB728C7000578E2 /* Resources */ = {
			isa = PBXResourcesBuildPhase;
			buildActionMask = 2147483647;
			files = (
			);
			runOnlyForDeploymentPostprocessing = 0;
		};
		98A573982DB728C8000578E2 /* Resources */ = {
			isa = PBXResourcesBuildPhase;
			buildActionMask = 2147483647;
			files = (
			);
			runOnlyForDeploymentPostprocessing = 0;
		};
		98A573A22DB728C8000578E2 /* Resources */ = {
			isa = PBXResourcesBuildPhase;
			buildActionMask = 2147483647;
			files = (
			);
			runOnlyForDeploymentPostprocessing = 0;
		};
/* End PBXResourcesBuildPhase section */

/* Begin PBXSourcesBuildPhase section */
		98A573862DB728C7000578E2 /* Sources */ = {
			isa = PBXSourcesBuildPhase;
			buildActionMask = 2147483647;
			files = (
			);
			runOnlyForDeploymentPostprocessing = 0;
		};
		98A573962DB728C8000578E2 /* Sources */ = {
			isa = PBXSourcesBuildPhase;
			buildActionMask = 2147483647;
			files = (
			);
			runOnlyForDeploymentPostprocessing = 0;
		};
		98A573A02DB728C8000578E2 /* Sources */ = {
			isa = PBXSourcesBuildPhase;
			buildActionMask = 2147483647;
			files = (
			);
			runOnlyForDeploymentPostprocessing = 0;
		};
/* End PBXSourcesBuildPhase section */

/* Begin PBXTargetDependency section */
		98A5739C2DB728C8000578E2 /* PBXTargetDependency */ = {
			isa = PBXTargetDependency;
			target = 98A573892DB728C7000578E2 /* AlarmApp */;
			targetProxy = 98A5739B2DB728C8000578E2 /* PBXContainerItemProxy */;
		};
		98A573A62DB728C8000578E2 /* PBXTargetDependency */ = {
			isa = PBXTargetDependency;
			target = 98A573892DB728C7000578E2 /* AlarmApp */;
			targetProxy = 98A573A52DB728C8000578E2 /* PBXContainerItemProxy */;
		};
/* End PBXTargetDependency section */

/* Begin XCBuildConfiguration section */
		98A573AC2DB728C8000578E2 /* Debug */ = {
			isa = XCBuildConfiguration;
			buildSettings = {
				ALWAYS_SEARCH_USER_PATHS = NO;
				ASSETCATALOG_COMPILER_GENERATE_SWIFT_ASSET_SYMBOL_EXTENSIONS = YES;
				CLANG_ANALYZER_NONNULL = YES;
				CLANG_ANALYZER_NUMBER_OBJECT_CONVERSION = YES_AGGRESSIVE;
				CLANG_CXX_LANGUAGE_STANDARD = "gnu++20";
				CLANG_ENABLE_MODULES = YES;
				CLANG_ENABLE_OBJC_ARC = YES;
				CLANG_ENABLE_OBJC_WEAK = YES;
				CLANG_WARN_BLOCK_CAPTURE_AUTORELEASING = YES;
				CLANG_WARN_BOOL_CONVERSION = YES;
				CLANG_WARN_COMMA = YES;
				CLANG_WARN_CONSTANT_CONVERSION = YES;
				CLANG_WARN_DEPRECATED_OBJC_IMPLEMENTATIONS = YES;
				CLANG_WARN_DIRECT_OBJC_ISA_USAGE = YES_ERROR;
				CLANG_WARN_DOCUMENTATION_COMMENTS = YES;
				CLANG_WARN_EMPTY_BODY = YES;
				CLANG_WARN_ENUM_CONVERSION = YES;
				CLANG_WARN_INFINITE_RECURSION = YES;
				CLANG_WARN_INT_CONVERSION = YES;
				CLANG_WARN_NON_LITERAL_NULL_CONVERSION = YES;
				CLANG_WARN_OBJC_IMPLICIT_RETAIN_SELF = YES;
				CLANG_WARN_OBJC_LITERAL_CONVERSION = YES;
				CLANG_WARN_OBJC_ROOT_CLASS = YES_ERROR;
				CLANG_WARN_QUOTED_INCLUDE_IN_FRAMEWORK_HEADER = YES;
				CLANG_WARN_RANGE_LOOP_ANALYSIS = YES;
				CLANG_WARN_STRICT_PROTOTYPES = YES;
				CLANG_WARN_SUSPICIOUS_MOVE = YES;
				CLANG_WARN_UNGUARDED_AVAILABILITY = YES_AGGRESSIVE;
				CLANG_WARN_UNREACHABLE_CODE = YES;
				CLANG_WARN__DUPLICATE_METHOD_MATCH = YES;
				COPY_PHASE_STRIP = NO;
				DEBUG_INFORMATION_FORMAT = dwarf;
				ENABLE_STRICT_OBJC_MSGSEND = YES;
				ENABLE_TESTABILITY = YES;
				ENABLE_USER_SCRIPT_SANDBOXING = YES;
				GCC_C_LANGUAGE_STANDARD = gnu17;
				GCC_DYNAMIC_NO_PIC = NO;
				GCC_NO_COMMON_BLOCKS = YES;
				GCC_OPTIMIZATION_LEVEL = 0;
				GCC_PREPROCESSOR_DEFINITIONS = (
					"DEBUG=1",
					"$(inherited)",
				);
				GCC_WARN_64_TO_32_BIT_CONVERSION = YES;
				GCC_WARN_ABOUT_RETURN_TYPE = YES_ERROR;
				GCC_WARN_UNDECLARED_SELECTOR = YES;
				GCC_WARN_UNINITIALIZED_AUTOS = YES_AGGRESSIVE;
				GCC_WARN_UNUSED_FUNCTION = YES;
				GCC_WARN_UNUSED_VARIABLE = YES;
				IPHONEOS_DEPLOYMENT_TARGET = 18.2;
				LOCALIZATION_PREFERS_STRING_CATALOGS = YES;
				MTL_ENABLE_DEBUG_INFO = INCLUDE_SOURCE;
				MTL_FAST_MATH = YES;
				ONLY_ACTIVE_ARCH = YES;
				SDKROOT = iphoneos;
				SWIFT_ACTIVE_COMPILATION_CONDITIONS = "DEBUG $(inherited)";
				SWIFT_OPTIMIZATION_LEVEL = "-Onone";
			};
			name = Debug;
		};
		98A573AD2DB728C8000578E2 /* Release */ = {
			isa = XCBuildConfiguration;
			buildSettings = {
				ALWAYS_SEARCH_USER_PATHS = NO;
				ASSETCATALOG_COMPILER_GENERATE_SWIFT_ASSET_SYMBOL_EXTENSIONS = YES;
				CLANG_ANALYZER_NONNULL = YES;
				CLANG_ANALYZER_NUMBER_OBJECT_CONVERSION = YES_AGGRESSIVE;
				CLANG_CXX_LANGUAGE_STANDARD = "gnu++20";
				CLANG_ENABLE_MODULES = YES;
				CLANG_ENABLE_OBJC_ARC = YES;
				CLANG_ENABLE_OBJC_WEAK = YES;
				CLANG_WARN_BLOCK_CAPTURE_AUTORELEASING = YES;
				CLANG_WARN_BOOL_CONVERSION = YES;
				CLANG_WARN_COMMA = YES;
				CLANG_WARN_CONSTANT_CONVERSION = YES;
				CLANG_WARN_DEPRECATED_OBJC_IMPLEMENTATIONS = YES;
				CLANG_WARN_DIRECT_OBJC_ISA_USAGE = YES_ERROR;
				CLANG_WARN_DOCUMENTATION_COMMENTS = YES;
				CLANG_WARN_EMPTY_BODY = YES;
				CLANG_WARN_ENUM_CONVERSION = YES;
				CLANG_WARN_INFINITE_RECURSION = YES;
				CLANG_WARN_INT_CONVERSION = YES;
				CLANG_WARN_NON_LITERAL_NULL_CONVERSION = YES;
				CLANG_WARN_OBJC_IMPLICIT_RETAIN_SELF = YES;
				CLANG_WARN_OBJC_LITERAL_CONVERSION = YES;
				CLANG_WARN_OBJC_ROOT_CLASS = YES_ERROR;
				CLANG_WARN_QUOTED_INCLUDE_IN_FRAMEWORK_HEADER = YES;
				CLANG_WARN_RANGE_LOOP_ANALYSIS = YES;
				CLANG_WARN_STRICT_PROTOTYPES = YES;
				CLANG_WARN_SUSPICIOUS_MOVE = YES;
				CLANG_WARN_UNGUARDED_AVAILABILITY = YES_AGGRESSIVE;
				CLANG_WARN_UNREACHABLE_CODE = YES;
				CLANG_WARN__DUPLICATE_METHOD_MATCH = YES;
				COPY_PHASE_STRIP = NO;
				DEBUG_INFORMATION_FORMAT = "dwarf-with-dsym";
				ENABLE_NS_ASSERTIONS = NO;
				ENABLE_STRICT_OBJC_MSGSEND = YES;
				ENABLE_USER_SCRIPT_SANDBOXING = YES;
				GCC_C_LANGUAGE_STANDARD = gnu17;
				GCC_NO_COMMON_BLOCKS = YES;
				GCC_WARN_64_TO_32_BIT_CONVERSION = YES;
				GCC_WARN_ABOUT_RETURN_TYPE = YES_ERROR;
				GCC_WARN_UNDECLARED_SELECTOR = YES;
				GCC_WARN_UNINITIALIZED_AUTOS = YES_AGGRESSIVE;
				GCC_WARN_UNUSED_FUNCTION = YES;
				GCC_WARN_UNUSED_VARIABLE = YES;
				IPHONEOS_DEPLOYMENT_TARGET = 18.2;
				LOCALIZATION_PREFERS_STRING_CATALOGS = YES;
				MTL_ENABLE_DEBUG_INFO = NO;
				MTL_FAST_MATH = YES;
				SDKROOT = iphoneos;
				SWIFT_COMPILATION_MODE = wholemodule;
				VALIDATE_PRODUCT = YES;
			};
			name = Release;
		};
		98A573AF2DB728C8000578E2 /* Debug */ = {
			isa = XCBuildConfiguration;
			buildSettings = {
				ASSETCATALOG_COMPILER_APPICON_NAME = AppIcon;
				ASSETCATALOG_COMPILER_GLOBAL_ACCENT_COLOR_NAME = AccentColor;
				CODE_SIGN_STYLE = Automatic;
				CURRENT_PROJECT_VERSION = 1;
				DEVELOPMENT_ASSET_PATHS = "\"AlarmApp/Preview Content\"";
				DEVELOPMENT_TEAM = 732JQDD525;
				ENABLE_PREVIEWS = YES;
				GENERATE_INFOPLIST_FILE = YES;
				INFOPLIST_FILE = AlarmApp/Info.plist;
				INFOPLIST_KEY_CFBundleDisplayName = Remura;
				INFOPLIST_KEY_LSApplicationCategoryType = "public.app-category.lifestyle";
				INFOPLIST_KEY_UIApplicationSceneManifest_Generation = YES;
				INFOPLIST_KEY_UIApplicationSupportsIndirectInputEvents = YES;
				INFOPLIST_KEY_UILaunchStoryboardName = "";
				INFOPLIST_KEY_UIRequiresFullScreen = NO;
				INFOPLIST_KEY_UISupportedInterfaceOrientations = UIInterfaceOrientationPortrait;
				INFOPLIST_KEY_UISupportedInterfaceOrientations_iPad = "UIInterfaceOrientationLandscapeLeft UIInterfaceOrientationLandscapeRight UIInterfaceOrientationPortrait UIInterfaceOrientationPortraitUpsideDown";
				LD_RUNPATH_SEARCH_PATHS = (
					"$(inherited)",
					"@executable_path/Frameworks",
				);
				MARKETING_VERSION = 1.0;
				PRODUCT_BUNDLE_IDENTIFIER = AdheeshBhat.AlarmApp.com;
				PRODUCT_NAME = "$(TARGET_NAME)";
				SUPPORTED_PLATFORMS = "iphoneos iphonesimulator";
				SUPPORTS_MACCATALYST = NO;
				SUPPORTS_MAC_DESIGNED_FOR_IPHONE_IPAD = NO;
				SUPPORTS_XR_DESIGNED_FOR_IPHONE_IPAD = NO;
				SWIFT_EMIT_LOC_STRINGS = YES;
				SWIFT_VERSION = 5.0;
				TARGETED_DEVICE_FAMILY = "1,2";
			};
			name = Debug;
		};
		98A573B02DB728C8000578E2 /* Release */ = {
			isa = XCBuildConfiguration;
			buildSettings = {
				ASSETCATALOG_COMPILER_APPICON_NAME = AppIcon;
				ASSETCATALOG_COMPILER_GLOBAL_ACCENT_COLOR_NAME = AccentColor;
				CODE_SIGN_STYLE = Automatic;
				CURRENT_PROJECT_VERSION = 1;
				DEVELOPMENT_ASSET_PATHS = "\"AlarmApp/Preview Content\"";
				DEVELOPMENT_TEAM = 732JQDD525;
				ENABLE_PREVIEWS = YES;
				GENERATE_INFOPLIST_FILE = YES;
				INFOPLIST_FILE = AlarmApp/Info.plist;
				INFOPLIST_KEY_CFBundleDisplayName = Remura;
				INFOPLIST_KEY_LSApplicationCategoryType = "public.app-category.lifestyle";
				INFOPLIST_KEY_UIApplicationSceneManifest_Generation = YES;
				INFOPLIST_KEY_UIApplicationSupportsIndirectInputEvents = YES;
				INFOPLIST_KEY_UILaunchStoryboardName = "";
				INFOPLIST_KEY_UIRequiresFullScreen = NO;
				INFOPLIST_KEY_UISupportedInterfaceOrientations = UIInterfaceOrientationPortrait;
				INFOPLIST_KEY_UISupportedInterfaceOrientations_iPad = "UIInterfaceOrientationLandscapeLeft UIInterfaceOrientationLandscapeRight UIInterfaceOrientationPortrait UIInterfaceOrientationPortraitUpsideDown";
				LD_RUNPATH_SEARCH_PATHS = (
					"$(inherited)",
					"@executable_path/Frameworks",
				);
				MARKETING_VERSION = 1.0;
				PRODUCT_BUNDLE_IDENTIFIER = AdheeshBhat.AlarmApp.com;
				PRODUCT_NAME = "$(TARGET_NAME)";
				SUPPORTED_PLATFORMS = "iphoneos iphonesimulator";
				SUPPORTS_MACCATALYST = NO;
				SUPPORTS_MAC_DESIGNED_FOR_IPHONE_IPAD = NO;
				SUPPORTS_XR_DESIGNED_FOR_IPHONE_IPAD = NO;
				SWIFT_EMIT_LOC_STRINGS = YES;
				SWIFT_VERSION = 5.0;
				TARGETED_DEVICE_FAMILY = "1,2";
			};
			name = Release;
		};
		98A573B22DB728C8000578E2 /* Debug */ = {
			isa = XCBuildConfiguration;
			buildSettings = {
				BUNDLE_LOADER = "$(TEST_HOST)";
				CODE_SIGN_STYLE = Automatic;
				CURRENT_PROJECT_VERSION = 1;
				DEVELOPMENT_TEAM = 732JQDD525;
				GENERATE_INFOPLIST_FILE = YES;
				IPHONEOS_DEPLOYMENT_TARGET = 18.2;
				MARKETING_VERSION = 1.0;
				PRODUCT_BUNDLE_IDENTIFIER = com.AdheeshBhat.AlarmAppTests;
				PRODUCT_NAME = "$(TARGET_NAME)";
				SWIFT_EMIT_LOC_STRINGS = NO;
				SWIFT_VERSION = 5.0;
				TARGETED_DEVICE_FAMILY = "1,2";
				TEST_HOST = "$(BUILT_PRODUCTS_DIR)/AlarmApp.app/$(BUNDLE_EXECUTABLE_FOLDER_PATH)/AlarmApp";
			};
			name = Debug;
		};
		98A573B32DB728C8000578E2 /* Release */ = {
			isa = XCBuildConfiguration;
			buildSettings = {
				BUNDLE_LOADER = "$(TEST_HOST)";
				CODE_SIGN_STYLE = Automatic;
				CURRENT_PROJECT_VERSION = 1;
				DEVELOPMENT_TEAM = 732JQDD525;
				GENERATE_INFOPLIST_FILE = YES;
				IPHONEOS_DEPLOYMENT_TARGET = 18.2;
				MARKETING_VERSION = 1.0;
				PRODUCT_BUNDLE_IDENTIFIER = com.AdheeshBhat.AlarmAppTests;
				PRODUCT_NAME = "$(TARGET_NAME)";
				SWIFT_EMIT_LOC_STRINGS = NO;
				SWIFT_VERSION = 5.0;
				TARGETED_DEVICE_FAMILY = "1,2";
				TEST_HOST = "$(BUILT_PRODUCTS_DIR)/AlarmApp.app/$(BUNDLE_EXECUTABLE_FOLDER_PATH)/AlarmApp";
			};
			name = Release;
		};
		98A573B52DB728C8000578E2 /* Debug */ = {
			isa = XCBuildConfiguration;
			buildSettings = {
				CODE_SIGN_STYLE = Automatic;
				CURRENT_PROJECT_VERSION = 1;
				DEVELOPMENT_TEAM = 732JQDD525;
				GENERATE_INFOPLIST_FILE = YES;
				MARKETING_VERSION = 1.0;
				PRODUCT_BUNDLE_IDENTIFIER = com.AdheeshBhat.AlarmAppUITests;
				PRODUCT_NAME = "$(TARGET_NAME)";
				SWIFT_EMIT_LOC_STRINGS = NO;
				SWIFT_VERSION = 5.0;
				TARGETED_DEVICE_FAMILY = "1,2";
				TEST_TARGET_NAME = AlarmApp;
			};
			name = Debug;
		};
		98A573B62DB728C8000578E2 /* Release */ = {
			isa = XCBuildConfiguration;
			buildSettings = {
				CODE_SIGN_STYLE = Automatic;
				CURRENT_PROJECT_VERSION = 1;
				DEVELOPMENT_TEAM = 732JQDD525;
				GENERATE_INFOPLIST_FILE = YES;
				MARKETING_VERSION = 1.0;
				PRODUCT_BUNDLE_IDENTIFIER = com.AdheeshBhat.AlarmAppUITests;
				PRODUCT_NAME = "$(TARGET_NAME)";
				SWIFT_EMIT_LOC_STRINGS = NO;
				SWIFT_VERSION = 5.0;
				TARGETED_DEVICE_FAMILY = "1,2";
				TEST_TARGET_NAME = AlarmApp;
			};
			name = Release;
		};
/* End XCBuildConfiguration section */

/* Begin XCConfigurationList section */
		98A573852DB728C7000578E2 /* Build configuration list for PBXProject "AlarmApp" */ = {
			isa = XCConfigurationList;
			buildConfigurations = (
				98A573AC2DB728C8000578E2 /* Debug */,
				98A573AD2DB728C8000578E2 /* Release */,
			);
			defaultConfigurationIsVisible = 0;
			defaultConfigurationName = Release;
		};
		98A573AE2DB728C8000578E2 /* Build configuration list for PBXNativeTarget "AlarmApp" */ = {
			isa = XCConfigurationList;
			buildConfigurations = (
				98A573AF2DB728C8000578E2 /* Debug */,
				98A573B02DB728C8000578E2 /* Release */,
			);
			defaultConfigurationIsVisible = 0;
			defaultConfigurationName = Release;
		};
		98A573B12DB728C8000578E2 /* Build configuration list for PBXNativeTarget "AlarmAppTests" */ = {
			isa = XCConfigurationList;
			buildConfigurations = (
				98A573B22DB728C8000578E2 /* Debug */,
				98A573B32DB728C8000578E2 /* Release */,
			);
			defaultConfigurationIsVisible = 0;
			defaultConfigurationName = Release;
		};
		98A573B42DB728C8000578E2 /* Build configuration list for PBXNativeTarget "AlarmAppUITests" */ = {
			isa = XCConfigurationList;
			buildConfigurations = (
				98A573B52DB728C8000578E2 /* Debug */,
				98A573B62DB728C8000578E2 /* Release */,
			);
			defaultConfigurationIsVisible = 0;
			defaultConfigurationName = Release;
		};
/* End XCConfigurationList section */

/* Begin XCRemoteSwiftPackageReference section */
		9810021C2E5E92D800E716C1 /* XCRemoteSwiftPackageReference "firebase-ios-sdk" */ = {
			isa = XCRemoteSwiftPackageReference;
			repositoryURL = "https://github.com/firebase/firebase-ios-sdk";
			requirement = {
				kind = upToNextMajorVersion;
				minimumVersion = 12.1.0;
			};
		};
/* End XCRemoteSwiftPackageReference section */

/* Begin XCSwiftPackageProductDependency section */
		9810021D2E5E92D800E716C1 /* FirebaseAI */ = {
			isa = XCSwiftPackageProductDependency;
			package = 9810021C2E5E92D800E716C1 /* XCRemoteSwiftPackageReference "firebase-ios-sdk" */;
			productName = FirebaseAI;
		};
		9810021F2E5E92D800E716C1 /* FirebaseAnalytics */ = {
			isa = XCSwiftPackageProductDependency;
			package = 9810021C2E5E92D800E716C1 /* XCRemoteSwiftPackageReference "firebase-ios-sdk" */;
			productName = FirebaseAnalytics;
		};
		981002212E5E92D800E716C1 /* FirebaseAnalyticsCore */ = {
			isa = XCSwiftPackageProductDependency;
			package = 9810021C2E5E92D800E716C1 /* XCRemoteSwiftPackageReference "firebase-ios-sdk" */;
			productName = FirebaseAnalyticsCore;
		};
		981002232E5E92D800E716C1 /* FirebaseAnalyticsIdentitySupport */ = {
			isa = XCSwiftPackageProductDependency;
			package = 9810021C2E5E92D800E716C1 /* XCRemoteSwiftPackageReference "firebase-ios-sdk" */;
			productName = FirebaseAnalyticsIdentitySupport;
		};
		981002252E5E92D800E716C1 /* FirebaseAppCheck */ = {
			isa = XCSwiftPackageProductDependency;
			package = 9810021C2E5E92D800E716C1 /* XCRemoteSwiftPackageReference "firebase-ios-sdk" */;
			productName = FirebaseAppCheck;
		};
		981002272E5E92D800E716C1 /* FirebaseAppDistribution-Beta */ = {
			isa = XCSwiftPackageProductDependency;
			package = 9810021C2E5E92D800E716C1 /* XCRemoteSwiftPackageReference "firebase-ios-sdk" */;
			productName = "FirebaseAppDistribution-Beta";
		};
		981002292E5E92D800E716C1 /* FirebaseAuth */ = {
			isa = XCSwiftPackageProductDependency;
			package = 9810021C2E5E92D800E716C1 /* XCRemoteSwiftPackageReference "firebase-ios-sdk" */;
			productName = FirebaseAuth;
		};
		9810022B2E5E92D800E716C1 /* FirebaseAuthCombine-Community */ = {
			isa = XCSwiftPackageProductDependency;
			package = 9810021C2E5E92D800E716C1 /* XCRemoteSwiftPackageReference "firebase-ios-sdk" */;
			productName = "FirebaseAuthCombine-Community";
		};
		9810022D2E5E92D800E716C1 /* FirebaseCore */ = {
			isa = XCSwiftPackageProductDependency;
			package = 9810021C2E5E92D800E716C1 /* XCRemoteSwiftPackageReference "firebase-ios-sdk" */;
			productName = FirebaseCore;
		};
		9810022F2E5E92D800E716C1 /* FirebaseCrashlytics */ = {
			isa = XCSwiftPackageProductDependency;
			package = 9810021C2E5E92D800E716C1 /* XCRemoteSwiftPackageReference "firebase-ios-sdk" */;
			productName = FirebaseCrashlytics;
		};
		981002312E5E92D800E716C1 /* FirebaseDatabase */ = {
			isa = XCSwiftPackageProductDependency;
			package = 9810021C2E5E92D800E716C1 /* XCRemoteSwiftPackageReference "firebase-ios-sdk" */;
			productName = FirebaseDatabase;
		};
		981002332E5E92D800E716C1 /* FirebaseFirestore */ = {
			isa = XCSwiftPackageProductDependency;
			package = 9810021C2E5E92D800E716C1 /* XCRemoteSwiftPackageReference "firebase-ios-sdk" */;
			productName = FirebaseFirestore;
		};
		981002352E5E92D800E716C1 /* FirebaseFirestoreCombine-Community */ = {
			isa = XCSwiftPackageProductDependency;
			package = 9810021C2E5E92D800E716C1 /* XCRemoteSwiftPackageReference "firebase-ios-sdk" */;
			productName = "FirebaseFirestoreCombine-Community";
		};
		981002372E5E92D800E716C1 /* FirebaseFunctions */ = {
			isa = XCSwiftPackageProductDependency;
			package = 9810021C2E5E92D800E716C1 /* XCRemoteSwiftPackageReference "firebase-ios-sdk" */;
			productName = FirebaseFunctions;
		};
		981002392E5E92D800E716C1 /* FirebaseFunctionsCombine-Community */ = {
			isa = XCSwiftPackageProductDependency;
			package = 9810021C2E5E92D800E716C1 /* XCRemoteSwiftPackageReference "firebase-ios-sdk" */;
			productName = "FirebaseFunctionsCombine-Community";
		};
		9810023B2E5E92D800E716C1 /* FirebaseInAppMessaging-Beta */ = {
			isa = XCSwiftPackageProductDependency;
			package = 9810021C2E5E92D800E716C1 /* XCRemoteSwiftPackageReference "firebase-ios-sdk" */;
			productName = "FirebaseInAppMessaging-Beta";
		};
		9810023D2E5E92D800E716C1 /* FirebaseInstallations */ = {
			isa = XCSwiftPackageProductDependency;
			package = 9810021C2E5E92D800E716C1 /* XCRemoteSwiftPackageReference "firebase-ios-sdk" */;
			productName = FirebaseInstallations;
		};
		9810023F2E5E92D800E716C1 /* FirebaseMLModelDownloader */ = {
			isa = XCSwiftPackageProductDependency;
			package = 9810021C2E5E92D800E716C1 /* XCRemoteSwiftPackageReference "firebase-ios-sdk" */;
			productName = FirebaseMLModelDownloader;
		};
		981002412E5E92D800E716C1 /* FirebaseMessaging */ = {
			isa = XCSwiftPackageProductDependency;
			package = 9810021C2E5E92D800E716C1 /* XCRemoteSwiftPackageReference "firebase-ios-sdk" */;
			productName = FirebaseMessaging;
		};
		981002432E5E92D800E716C1 /* FirebasePerformance */ = {
			isa = XCSwiftPackageProductDependency;
			package = 9810021C2E5E92D800E716C1 /* XCRemoteSwiftPackageReference "firebase-ios-sdk" */;
			productName = FirebasePerformance;
		};
		981002452E5E92D800E716C1 /* FirebaseRemoteConfig */ = {
			isa = XCSwiftPackageProductDependency;
			package = 9810021C2E5E92D800E716C1 /* XCRemoteSwiftPackageReference "firebase-ios-sdk" */;
			productName = FirebaseRemoteConfig;
		};
		981002472E5E92D800E716C1 /* FirebaseStorage */ = {
			isa = XCSwiftPackageProductDependency;
			package = 9810021C2E5E92D800E716C1 /* XCRemoteSwiftPackageReference "firebase-ios-sdk" */;
			productName = FirebaseStorage;
		};
		981002492E5E92D800E716C1 /* FirebaseStorageCombine-Community */ = {
			isa = XCSwiftPackageProductDependency;
			package = 9810021C2E5E92D800E716C1 /* XCRemoteSwiftPackageReference "firebase-ios-sdk" */;
			productName = "FirebaseStorageCombine-Community";
		};
/* End XCSwiftPackageProductDependency section */
	};
	rootObject = 98A573822DB728C7000578E2 /* Project object */;
}
